
Microsoft Visual Studio Solution File, Format Version 12.00
# Visual Studio 15
VisualStudioVersion = 15.0.27130.2010
MinimumVisualStudioVersion = 10.0.40219.1
Project("{FAE04EC0-301F-11D3-BF4B-00C04F79EFBC}") = "jw3chat-win", "jw3chat-win\jw3chat-win.csproj", "{06F5DEE2-2E77-45F8-BB89-69E4F24A9812}"
EndProject
Global
	GlobalSection(SolutionConfigurationPlatforms) = preSolution
		Debug|Any CPU = Debug|Any CPU
		Release|Any CPU = Release|Any CPU
	EndGlobalSection
	GlobalSection(ProjectConfigurationPlatforms) = postSolution
		{06F5DEE2-2E77-45F8-BB89-69E4F24A9812}.Debug|Any CPU.ActiveCfg = Debug|Any CPU
		{06F5DEE2-2E77-45F8-BB89-69E4F24A9812}.Debug|Any CPU.Build.0 = Debug|Any CPU
		{06F5DEE2-2E77-45F8-BB89-69E4F24A9812}.Release|Any CPU.ActiveCfg = Release|Any CPU
		{06F5DEE2-2E77-45F8-BB89-69E4F24A9812}.Release|Any CPU.Build.0 = Release|Any CPU
	EndGlobalSection
	GlobalSection(SolutionProperties) = preSolution
		HideSolutionNode = FALSE
	EndGlobalSection
	GlobalSection(ExtensibilityGlobals) = postSolution
		SolutionGuid = {0595B2DF-0B36-4C71-8ACB-D57AC1CB7EE1}
	EndGlobalSection
EndGlobal
